// !$*UTF8*$!
{
	archiveVersion = 1;
	classes = {
	};
	objectVersion = 46;
	objects = {

/* Begin PBXBuildFile section */
		B2DADE4E1D3147BD00732E20 /* AppDelegate.swift in Sources */ = {isa = PBXBuildFile; fileRef = B2DADE4D1D3147BD00732E20 /* AppDelegate.swift */; };
		B2DADE531D3147BD00732E20 /* Main.storyboard in Resources */ = {isa = PBXBuildFile; fileRef = B2DADE511D3147BD00732E20 /* Main.storyboard */; };
		B2DADE551D3147BD00732E20 /* Assets.xcassets in Resources */ = {isa = PBXBuildFile; fileRef = B2DADE541D3147BD00732E20 /* Assets.xcassets */; };
		B2DADE581D3147BD00732E20 /* LaunchScreen.storyboard in Resources */ = {isa = PBXBuildFile; fileRef = B2DADE561D3147BD00732E20 /* LaunchScreen.storyboard */; };
		B2DADE631D314ABD00732E20 /* Article.swift in Sources */ = {isa = PBXBuildFile; fileRef = B2DADE621D314ABD00732E20 /* Article.swift */; };
		B2DADE651D314C2000732E20 /* TableViewController.swift in Sources */ = {isa = PBXBuildFile; fileRef = B2DADE641D314C2000732E20 /* TableViewController.swift */; };
		B2DADE671D314CCB00732E20 /* ArticleCell.swift in Sources */ = {isa = PBXBuildFile; fileRef = B2DADE661D314CCB00732E20 /* ArticleCell.swift */; };
/* End PBXBuildFile section */

/* Begin PBXFileReference section */
		B2DADE4A1D3147BD00732E20 /* NYT_Search.app */ = {isa = PBXFileReference; explicitFileType = wrapper.application; includeInIndex = 0; path = NYT_Search.app; sourceTree = BUILT_PRODUCTS_DIR; };
		B2DADE4D1D3147BD00732E20 /* AppDelegate.swift */ = {isa = PBXFileReference; lastKnownFileType = sourcecode.swift; path = AppDelegate.swift; sourceTree = "<group>"; };
		B2DADE521D3147BD00732E20 /* Base */ = {isa = PBXFileReference; lastKnownFileType = file.storyboard; name = Base; path = Base.lproj/Main.storyboard; sourceTree = "<group>"; };
		B2DADE541D3147BD00732E20 /* Assets.xcassets */ = {isa = PBXFileReference; lastKnownFileType = folder.assetcatalog; path = Assets.xcassets; sourceTree = "<group>"; };
		B2DADE571D3147BD00732E20 /* Base */ = {isa = PBXFileReference; lastKnownFileType = file.storyboard; name = Base; path = Base.lproj/LaunchScreen.storyboard; sourceTree = "<group>"; };
		B2DADE591D3147BD00732E20 /* Info.plist */ = {isa = PBXFileReference; lastKnownFileType = text.plist.xml; path = Info.plist; sourceTree = "<group>"; };
		B2DADE621D314ABD00732E20 /* Article.swift */ = {isa = PBXFileReference; fileEncoding = 4; lastKnownFileType = sourcecode.swift; path = Article.swift; sourceTree = "<group>"; };
		B2DADE641D314C2000732E20 /* TableViewController.swift */ = {isa = PBXFileReference; fileEncoding = 4; lastKnownFileType = sourcecode.swift; path = TableViewController.swift; sourceTree = "<group>"; };
		B2DADE661D314CCB00732E20 /* ArticleCell.swift */ = {isa = PBXFileReference; fileEncoding = 4; lastKnownFileType = sourcecode.swift; path = ArticleCell.swift; sourceTree = "<group>"; };
/* End PBXFileReference section */

/* Begin PBXFrameworksBuildPhase section */
		B2DADE471D3147BD00732E20 /* Frameworks */ = {
			isa = PBXFrameworksBuildPhase;
			buildActionMask = 2147483647;
			files = (
			);
			runOnlyForDeploymentPostprocessing = 0;
		};
/* End PBXFrameworksBuildPhase section */

/* Begin PBXGroup section */
		B2DADE411D3147BD00732E20 = {
			isa = PBXGroup;
			children = (
				B2DADE4C1D3147BD00732E20 /* NYT_Search */,
				B2DADE4B1D3147BD00732E20 /* Products */,
			);
			sourceTree = "<group>";
		};
		B2DADE4B1D3147BD00732E20 /* Products */ = {
			isa = PBXGroup;
			children = (
				B2DADE4A1D3147BD00732E20 /* NYT_Search.app */,
			);
			name = Products;
			sourceTree = "<group>";
		};
		B2DADE4C1D3147BD00732E20 /* NYT_Search */ = {
			isa = PBXGroup;
			children = (
				B2DADE4D1D3147BD00732E20 /* AppDelegate.swift */,
				B2DADE611D31491C00732E20 /* Model */,
				B2DADE5F1D31490B00732E20 /* View */,
				B2DADE601D31491100732E20 /* Controllers */,
				B2DADE541D3147BD00732E20 /* Assets.xcassets */,
				B2DADE591D3147BD00732E20 /* Info.plist */,
			);
			path = NYT_Search;
			sourceTree = "<group>";
		};
		B2DADE5F1D31490B00732E20 /* View */ = {
			isa = PBXGroup;
			children = (
				B2DADE511D3147BD00732E20 /* Main.storyboard */,
				B2DADE561D3147BD00732E20 /* LaunchScreen.storyboard */,
			);
			name = View;
			sourceTree = "<group>";
		};
		B2DADE601D31491100732E20 /* Controllers */ = {
			isa = PBXGroup;
			children = (
				B2DADE641D314C2000732E20 /* TableViewController.swift */,
				B2DADE661D314CCB00732E20 /* ArticleCell.swift */,
			);
			name = Controllers;
			sourceTree = "<group>";
		};
		B2DADE611D31491C00732E20 /* Model */ = {
			isa = PBXGroup;
			children = (
				B2DADE621D314ABD00732E20 /* Article.swift */,
			);
			name = Model;
			sourceTree = "<group>";
		};
/* End PBXGroup section */

/* Begin PBXNativeTarget section */
		B2DADE491D3147BD00732E20 /* NYT_Search */ = {
			isa = PBXNativeTarget;
			buildConfigurationList = B2DADE5C1D3147BD00732E20 /* Build configuration list for PBXNativeTarget "NYT_Search" */;
			buildPhases = (
				B2DADE461D3147BD00732E20 /* Sources */,
				B2DADE471D3147BD00732E20 /* Frameworks */,
				B2DADE481D3147BD00732E20 /* Resources */,
			);
			buildRules = (
			);
			dependencies = (
			);
			name = NYT_Search;
			productName = NYT_Search;
			productReference = B2DADE4A1D3147BD00732E20 /* NYT_Search.app */;
			productType = "com.apple.product-type.application";
		};
/* End PBXNativeTarget section */

/* Begin PBXProject section */
		B2DADE421D3147BD00732E20 /* Project object */ = {
			isa = PBXProject;
			attributes = {
				LastSwiftUpdateCheck = 0730;
				LastUpgradeCheck = 0730;
				ORGANIZATIONNAME = "Serge Sukhanov";
				TargetAttributes = {
					B2DADE491D3147BD00732E20 = {
						CreatedOnToolsVersion = 7.3.1;
					};
				};
			};
			buildConfigurationList = B2DADE451D3147BD00732E20 /* Build configuration list for PBXProject "NYT_Search" */;
			compatibilityVersion = "Xcode 3.2";
			developmentRegion = English;
			hasScannedForEncodings = 0;
			knownRegions = (
				en,
				Base,
			);
			mainGroup = B2DADE411D3147BD00732E20;
			productRefGroup = B2DADE4B1D3147BD00732E20 /* Products */;
			projectDirPath = "";
			projectRoot = "";
			targets = (
				B2DADE491D3147BD00732E20 /* NYT_Search */,
			);
		};
/* End PBXProject section */

/* Begin PBXResourcesBuildPhase section */
		B2DADE481D3147BD00732E20 /* Resources */ = {
			isa = PBXResourcesBuildPhase;
			buildActionMask = 2147483647;
			files = (
				B2DADE581D3147BD00732E20 /* LaunchScreen.storyboard in Resources */,
				B2DADE551D3147BD00732E20 /* Assets.xcassets in Resources */,
				B2DADE531D3147BD00732E20 /* Main.storyboard in Resources */,
			);
			runOnlyForDeploymentPostprocessing = 0;
		};
/* End PBXResourcesBuildPhase section */

/* Begin PBXSourcesBuildPhase section */
		B2DADE461D3147BD00732E20 /* Sources */ = {
			isa = PBXSourcesBuildPhase;
			buildActionMask = 2147483647;
			files = (
				B2DADE671D314CCB00732E20 /* ArticleCell.swift in Sources */,
				B2DADE4E1D3147BD00732E20 /* AppDelegate.swift in Sources */,
				B2DADE631D314ABD00732E20 /* Article.swift in Sources */,
				B2DADE651D314C2000732E20 /* TableViewController.swift in Sources */,
			);
			runOnlyForDeploymentPostprocessing = 0;
		};
/* End PBXSourcesBuildPhase section */

/* Begin PBXVariantGroup section */
		B2DADE511D3147BD00732E20 /* Main.storyboard */ = {
			isa = PBXVariantGroup;
			children = (
				B2DADE521D3147BD00732E20 /* Base */,
			);
			name = Main.storyboard;
			sourceTree = "<group>";
		};
		B2DADE561D3147BD00732E20 /* LaunchScreen.storyboard */ = {
			isa = PBXVariantGroup;
			children = (
				B2DADE571D3147BD00732E20 /* Base */,
			);
			name = LaunchScreen.storyboard;
			sourceTree = "<group>";
		};
/* End PBXVariantGroup section */

/* Begin XCBuildConfiguration section */
		B2DADE5A1D3147BD00732E20 /* Debug */ = {
			isa = XCBuildConfiguration;
			buildSettings = {
				ALWAYS_SEARCH_USER_PATHS = NO;
				CLANG_ANALYZER_NONNULL = YES;
				CLANG_CXX_LANGUAGE_STANDARD = "gnu++0x";
				CLANG_CXX_LIBRARY = "libc++";
				CLANG_ENABLE_MODULES = YES;
				CLANG_ENABLE_OBJC_ARC = YES;
				CLANG_WARN_BOOL_CONVERSION = YES;
				CLANG_WARN_CONSTANT_CONVERSION = YES;
				CLANG_WARN_DIRECT_OBJC_ISA_USAGE = YES_ERROR;
				CLANG_WARN_EMPTY_BODY = YES;
				CLANG_WARN_ENUM_CONVERSION = YES;
				CLANG_WARN_INT_CONVERSION = YES;
				CLANG_WARN_OBJC_ROOT_CLASS = YES_ERROR;
				CLANG_WARN_UNREACHABLE_CODE = YES;
				CLANG_WARN__DUPLICATE_METHOD_MATCH = YES;
				"CODE_SIGN_IDENTITY[sdk=iphoneos*]" = "iPhone Developer";
				COPY_PHASE_STRIP = NO;
				DEBUG_INFORMATION_FORMAT = dwarf;
				ENABLE_STRICT_OBJC_MSGSEND = YES;
				ENABLE_TESTABILITY = YES;
				GCC_C_LANGUAGE_STANDARD = gnu99;
				GCC_DYNAMIC_NO_PIC = NO;
				GCC_NO_COMMON_BLOCKS = YES;
				GCC_OPTIMIZATION_LEVEL = 0;
				GCC_PREPROCESSOR_DEFINITIONS = (
					"DEBUG=1",
					"$(inherited)",
				);
				GCC_WARN_64_TO_32_BIT_CONVERSION = YES;
				GCC_WARN_ABOUT_RETURN_TYPE = YES_ERROR;
				GCC_WARN_UNDECLARED_SELECTOR = YES;
				GCC_WARN_UNINITIALIZED_AUTOS = YES_AGGRESSIVE;
				GCC_WARN_UNUSED_FUNCTION = YES;
				GCC_WARN_UNUSED_VARIABLE = YES;
				IPHONEOS_DEPLOYMENT_TARGET = 9.3;
				MTL_ENABLE_DEBUG_INFO = YES;
				ONLY_ACTIVE_ARCH = YES;
				SDKROOT = iphoneos;
				SWIFT_OPTIMIZATION_LEVEL = "-Onone";
				TARGETED_DEVICE_FAMILY = "1,2";
			};
			name = Debug;
		};
		B2DADE5B1D3147BD00732E20 /* Release */ = {
			isa = XCBuildConfiguration;
			buildSettings = {
				ALWAYS_SEARCH_USER_PATHS = NO;
				CLANG_ANALYZER_NONNULL = YES;
				CLANG_CXX_LANGUAGE_STANDARD = "gnu++0x";
				CLANG_CXX_LIBRARY = "libc++";
				CLANG_ENABLE_MODULES = YES;
				CLANG_ENABLE_OBJC_ARC = YES;
				CLANG_WARN_BOOL_CONVERSION = YES;
				CLANG_WARN_CONSTANT_CONVERSION = YES;
				CLANG_WARN_DIRECT_OBJC_ISA_USAGE = YES_ERROR;
				CLANG_WARN_EMPTY_BODY = YES;
				CLANG_WARN_ENUM_CONVERSION = YES;
				CLANG_WARN_INT_CONVERSION = YES;
				CLANG_WARN_OBJC_ROOT_CLASS = YES_ERROR;
				CLANG_WARN_UNREACHABLE_CODE = YES;
				CLANG_WARN__DUPLICATE_METHOD_MATCH = YES;
				"CODE_SIGN_IDENTITY[sdk=iphoneos*]" = "iPhone Developer";
				COPY_PHASE_STRIP = NO;
				DEBUG_INFORMATION_FORMAT = "dwarf-with-dsym";
				ENABLE_NS_ASSERTIONS = NO;
				ENABLE_STRICT_OBJC_MSGSEND = YES;
				GCC_C_LANGUAGE_STANDARD = gnu99;
				GCC_NO_COMMON_BLOCKS = YES;
				GCC_WARN_64_TO_32_BIT_CONVERSION = YES;
				GCC_WARN_ABOUT_RETURN_TYPE = YES_ERROR;
				GCC_WARN_UNDECLARED_SELECTOR = YES;
				GCC_WARN_UNINITIALIZED_AUTOS = YES_AGGRESSIVE;
				GCC_WARN_UNUSED_FUNCTION = YES;
				GCC_WARN_UNUSED_VARIABLE = YES;
				IPHONEOS_DEPLOYMENT_TARGET = 9.3;
				MTL_ENABLE_DEBUG_INFO = NO;
				SDKROOT = iphoneos;
				TARGETED_DEVICE_FAMILY = "1,2";
				VALIDATE_PRODUCT = YES;
			};
			name = Release;
		};
		B2DADE5D1D3147BD00732E20 /* Debug */ = {
			isa = XCBuildConfiguration;
			buildSettings = {
				ASSETCATALOG_COMPILER_APPICON_NAME = AppIcon;
				INFOPLIST_FILE = NYT_Search/Info.plist;
				LD_RUNPATH_SEARCH_PATHS = "$(inherited) @executable_path/Frameworks";
				PRODUCT_BUNDLE_IDENTIFIER = "com.ssuhanov.NYT-Search";
				PRODUCT_NAME = "$(TARGET_NAME)";
			};
			name = Debug;
		};
		B2DADE5E1D3147BD00732E20 /* Release */ = {
			isa = XCBuildConfiguration;
			buildSettings = {
				ASSETCATALOG_COMPILER_APPICON_NAME = AppIcon;
				INFOPLIST_FILE = NYT_Search/Info.plist;
				LD_RUNPATH_SEARCH_PATHS = "$(inherited) @executable_path/Frameworks";
				PRODUCT_BUNDLE_IDENTIFIER = "com.ssuhanov.NYT-Search";
				PRODUCT_NAME = "$(TARGET_NAME)";
			};
			name = Release;
		};
/* End XCBuildConfiguration section */

/* Begin XCConfigurationList section */
		B2DADE451D3147BD00732E20 /* Build configuration list for PBXProject "NYT_Search" */ = {
			isa = XCConfigurationList;
			buildConfigurations = (
				B2DADE5A1D3147BD00732E20 /* Debug */,
				B2DADE5B1D3147BD00732E20 /* Release */,
			);
			defaultConfigurationIsVisible = 0;
			defaultConfigurationName = Release;
		};
		B2DADE5C1D3147BD00732E20 /* Build configuration list for PBXNativeTarget "NYT_Search" */ = {
			isa = XCConfigurationList;
			buildConfigurations = (
				B2DADE5D1D3147BD00732E20 /* Debug */,
				B2DADE5E1D3147BD00732E20 /* Release */,
			);
			defaultConfigurationIsVisible = 0;
		};
/* End XCConfigurationList section */
	};
	rootObject = B2DADE421D3147BD00732E20 /* Project object */;
}
